// !$*UTF8*$!
{
	archiveVersion = 1;
	classes = {
	};
	objectVersion = 55;
	objects = {

/* Begin PBXBuildFile section */
		4A280C1D2802E11000D8B2D0 /* libvulkan.1.3.204.dylib in Frameworks */ = {isa = PBXBuildFile; fileRef = 4A280C1B2802E11000D8B2D0 /* libvulkan.1.3.204.dylib */; };
		4A280C1E2802E11000D8B2D0 /* libvulkan.1.dylib in Frameworks */ = {isa = PBXBuildFile; fileRef = 4A280C1C2802E11000D8B2D0 /* libvulkan.1.dylib */; };
		4A280C202802E12D00D8B2D0 /* libglfw.3.3.dylib in Frameworks */ = {isa = PBXBuildFile; fileRef = 4A280C1F2802E12D00D8B2D0 /* libglfw.3.3.dylib */; };
		4A280C212802E13600D8B2D0 /* libglfw.3.3.dylib in Copy Files */ = {isa = PBXBuildFile; fileRef = 4A280C1F2802E12D00D8B2D0 /* libglfw.3.3.dylib */; settings = {ATTRIBUTES = (CodeSignOnCopy, ); }; };
		4A280C222802E13600D8B2D0 /* libvulkan.1.3.204.dylib in Copy Files */ = {isa = PBXBuildFile; fileRef = 4A280C1B2802E11000D8B2D0 /* libvulkan.1.3.204.dylib */; settings = {ATTRIBUTES = (CodeSignOnCopy, ); }; };
		4A280C232802E13600D8B2D0 /* libvulkan.1.dylib in Copy Files */ = {isa = PBXBuildFile; fileRef = 4A280C1C2802E11000D8B2D0 /* libvulkan.1.dylib */; settings = {ATTRIBUTES = (CodeSignOnCopy, ); }; };
		4A280C252802E14900D8B2D0 /* Assignment10.cpp in Sources */ = {isa = PBXBuildFile; fileRef = 4A280C242802E14900D8B2D0 /* Assignment10.cpp */; };
/* End PBXBuildFile section */

/* Begin PBXCopyFilesBuildPhase section */
		4A280C0E2802E04800D8B2D0 /* Copy Files */ = {
			isa = PBXCopyFilesBuildPhase;
			buildActionMask = 12;
			dstPath = "";
			dstSubfolderSpec = 10;
			files = (
				4A280C212802E13600D8B2D0 /* libglfw.3.3.dylib in Copy Files */,
				4A280C222802E13600D8B2D0 /* libvulkan.1.3.204.dylib in Copy Files */,
				4A280C232802E13600D8B2D0 /* libvulkan.1.dylib in Copy Files */,
			);
			name = "Copy Files";
			runOnlyForDeploymentPostprocessing = 0;
		};
/* End PBXCopyFilesBuildPhase section */

/* Begin PBXFileReference section */
		4A280C102802E04800D8B2D0 /* A10Project */ = {isa = PBXFileReference; explicitFileType = "compiled.mach-o.executable"; includeInIndex = 0; path = A10Project; sourceTree = BUILT_PRODUCTS_DIR; };
		4A280C1B2802E11000D8B2D0 /* libvulkan.1.3.204.dylib */ = {isa = PBXFileReference; lastKnownFileType = "compiled.mach-o.dylib"; name = libvulkan.1.3.204.dylib; path = ../../../../../../VulkanSDK/1.3.204.0/macOS/lib/libvulkan.1.3.204.dylib; sourceTree = "<group>"; };
		4A280C1C2802E11000D8B2D0 /* libvulkan.1.dylib */ = {isa = PBXFileReference; lastKnownFileType = "compiled.mach-o.dylib"; name = libvulkan.1.dylib; path = ../../../../../../VulkanSDK/1.3.204.0/macOS/lib/libvulkan.1.dylib; sourceTree = "<group>"; };
		4A280C1F2802E12D00D8B2D0 /* libglfw.3.3.dylib */ = {isa = PBXFileReference; lastKnownFileType = "compiled.mach-o.dylib"; name = libglfw.3.3.dylib; path = ../../../../../../../../opt/homebrew/lib/libglfw.3.3.dylib; sourceTree = "<group>"; };
		4A280C242802E14900D8B2D0 /* Assignment10.cpp */ = {isa = PBXFileReference; fileEncoding = 4; lastKnownFileType = sourcecode.cpp.cpp; name = Assignment10.cpp; path = ../../Assignment10.cpp; sourceTree = "<group>"; };
/* End PBXFileReference section */

/* Begin PBXFrameworksBuildPhase section */
		4A280C0D2802E04800D8B2D0 /* Frameworks */ = {
			isa = PBXFrameworksBuildPhase;
			buildActionMask = 2147483647;
			files = (
				4A280C1D2802E11000D8B2D0 /* libvulkan.1.3.204.dylib in Frameworks */,
				4A280C1E2802E11000D8B2D0 /* libvulkan.1.dylib in Frameworks */,
				4A280C202802E12D00D8B2D0 /* libglfw.3.3.dylib in Frameworks */,
			);
			runOnlyForDeploymentPostprocessing = 0;
		};
/* End PBXFrameworksBuildPhase section */

/* Begin PBXGroup section */
		4A280C072802E04800D8B2D0 = {
			isa = PBXGroup;
			children = (
				4A280C122802E04800D8B2D0 /* A10Project */,
				4A280C112802E04800D8B2D0 /* Products */,
				4A280C1A2802E11000D8B2D0 /* Frameworks */,
			);
			sourceTree = "<group>";
		};
		4A280C112802E04800D8B2D0 /* Products */ = {
			isa = PBXGroup;
			children = (
				4A280C102802E04800D8B2D0 /* A10Project */,
			);
			name = Products;
			sourceTree = "<group>";
		};
		4A280C122802E04800D8B2D0 /* A10Project */ = {
			isa = PBXGroup;
			children = (
				4A280C242802E14900D8B2D0 /* Assignment10.cpp */,
			);
			path = A10Project;
			sourceTree = "<group>";
		};
		4A280C1A2802E11000D8B2D0 /* Frameworks */ = {
			isa = PBXGroup;
			children = (
				4A280C1F2802E12D00D8B2D0 /* libglfw.3.3.dylib */,
				4A280C1B2802E11000D8B2D0 /* libvulkan.1.3.204.dylib */,
				4A280C1C2802E11000D8B2D0 /* libvulkan.1.dylib */,
			);
			name = Frameworks;
			sourceTree = "<group>";
		};
/* End PBXGroup section */

/* Begin PBXNativeTarget section */
		4A280C0F2802E04800D8B2D0 /* A10Project */ = {
			isa = PBXNativeTarget;
			buildConfigurationList = 4A280C172802E04800D8B2D0 /* Build configuration list for PBXNativeTarget "A10Project" */;
			buildPhases = (
				4A280C0C2802E04800D8B2D0 /* Sources */,
				4A280C0D2802E04800D8B2D0 /* Frameworks */,
				4A280C0E2802E04800D8B2D0 /* Copy Files */,
			);
			buildRules = (
			);
			dependencies = (
			);
			name = A10Project;
			productName = A10Project;
			productReference = 4A280C102802E04800D8B2D0 /* A10Project */;
			productType = "com.apple.product-type.tool";
		};
/* End PBXNativeTarget section */

/* Begin PBXProject section */
		4A280C082802E04800D8B2D0 /* Project object */ = {
			isa = PBXProject;
			attributes = {
				BuildIndependentTargetsInParallel = 1;
				LastUpgradeCheck = 1330;
				TargetAttributes = {
					4A280C0F2802E04800D8B2D0 = {
						CreatedOnToolsVersion = 13.3;
					};
				};
			};
			buildConfigurationList = 4A280C0B2802E04800D8B2D0 /* Build configuration list for PBXProject "A10Project" */;
			compatibilityVersion = "Xcode 13.0";
			developmentRegion = en;
			hasScannedForEncodings = 0;
			knownRegions = (
				en,
				Base,
			);
			mainGroup = 4A280C072802E04800D8B2D0;
			productRefGroup = 4A280C112802E04800D8B2D0 /* Products */;
			projectDirPath = "";
			projectRoot = "";
			targets = (
				4A280C0F2802E04800D8B2D0 /* A10Project */,
			);
		};
/* End PBXProject section */

/* Begin PBXSourcesBuildPhase section */
		4A280C0C2802E04800D8B2D0 /* Sources */ = {
			isa = PBXSourcesBuildPhase;
			buildActionMask = 2147483647;
			files = (
				4A280C252802E14900D8B2D0 /* Assignment10.cpp in Sources */,
			);
			runOnlyForDeploymentPostprocessing = 0;
		};
/* End PBXSourcesBuildPhase section */

/* Begin XCBuildConfiguration section */
		4A280C152802E04800D8B2D0 /* Debug */ = {
			isa = XCBuildConfiguration;
			buildSettings = {
				ALWAYS_SEARCH_USER_PATHS = NO;
				CLANG_ANALYZER_NONNULL = YES;
				CLANG_ANALYZER_NUMBER_OBJECT_CONVERSION = YES_AGGRESSIVE;
				CLANG_CXX_LANGUAGE_STANDARD = "gnu++17";
				CLANG_ENABLE_MODULES = YES;
				CLANG_ENABLE_OBJC_ARC = YES;
				CLANG_ENABLE_OBJC_WEAK = YES;
				CLANG_WARN_BLOCK_CAPTURE_AUTORELEASING = YES;
				CLANG_WARN_BOOL_CONVERSION = YES;
				CLANG_WARN_COMMA = YES;
				CLANG_WARN_CONSTANT_CONVERSION = YES;
				CLANG_WARN_DEPRECATED_OBJC_IMPLEMENTATIONS = YES;
				CLANG_WARN_DIRECT_OBJC_ISA_USAGE = YES_ERROR;
				CLANG_WARN_DOCUMENTATION_COMMENTS = YES;
				CLANG_WARN_EMPTY_BODY = YES;
				CLANG_WARN_ENUM_CONVERSION = YES;
				CLANG_WARN_INFINITE_RECURSION = YES;
				CLANG_WARN_INT_CONVERSION = YES;
				CLANG_WARN_NON_LITERAL_NULL_CONVERSION = YES;
				CLANG_WARN_OBJC_IMPLICIT_RETAIN_SELF = YES;
				CLANG_WARN_OBJC_LITERAL_CONVERSION = YES;
				CLANG_WARN_OBJC_ROOT_CLASS = YES_ERROR;
				CLANG_WARN_QUOTED_INCLUDE_IN_FRAMEWORK_HEADER = YES;
				CLANG_WARN_RANGE_LOOP_ANALYSIS = YES;
				CLANG_WARN_STRICT_PROTOTYPES = YES;
				CLANG_WARN_SUSPICIOUS_MOVE = YES;
				CLANG_WARN_UNGUARDED_AVAILABILITY = YES_AGGRESSIVE;
				CLANG_WARN_UNREACHABLE_CODE = YES;
				CLANG_WARN__DUPLICATE_METHOD_MATCH = YES;
				COPY_PHASE_STRIP = NO;
				DEBUG_INFORMATION_FORMAT = dwarf;
				ENABLE_STRICT_OBJC_MSGSEND = YES;
				ENABLE_TESTABILITY = YES;
				GCC_C_LANGUAGE_STANDARD = gnu11;
				GCC_DYNAMIC_NO_PIC = NO;
				GCC_NO_COMMON_BLOCKS = YES;
				GCC_OPTIMIZATION_LEVEL = 0;
				GCC_PREPROCESSOR_DEFINITIONS = (
					"DEBUG=1",
					"$(inherited)",
				);
				GCC_WARN_64_TO_32_BIT_CONVERSION = YES;
				GCC_WARN_ABOUT_RETURN_TYPE = YES_ERROR;
				GCC_WARN_UNDECLARED_SELECTOR = YES;
				GCC_WARN_UNINITIALIZED_AUTOS = YES_AGGRESSIVE;
				GCC_WARN_UNUSED_FUNCTION = YES;
				GCC_WARN_UNUSED_VARIABLE = YES;
				MACOSX_DEPLOYMENT_TARGET = 12.3;
				MTL_ENABLE_DEBUG_INFO = INCLUDE_SOURCE;
				MTL_FAST_MATH = YES;
				ONLY_ACTIVE_ARCH = YES;
				SDKROOT = macosx;
			};
			name = Debug;
		};
		4A280C162802E04800D8B2D0 /* Release */ = {
			isa = XCBuildConfiguration;
			buildSettings = {
				ALWAYS_SEARCH_USER_PATHS = NO;
				CLANG_ANALYZER_NONNULL = YES;
				CLANG_ANALYZER_NUMBER_OBJECT_CONVERSION = YES_AGGRESSIVE;
				CLANG_CXX_LANGUAGE_STANDARD = "gnu++17";
				CLANG_ENABLE_MODULES = YES;
				CLANG_ENABLE_OBJC_ARC = YES;
				CLANG_ENABLE_OBJC_WEAK = YES;
				CLANG_WARN_BLOCK_CAPTURE_AUTORELEASING = YES;
				CLANG_WARN_BOOL_CONVERSION = YES;
				CLANG_WARN_COMMA = YES;
				CLANG_WARN_CONSTANT_CONVERSION = YES;
				CLANG_WARN_DEPRECATED_OBJC_IMPLEMENTATIONS = YES;
				CLANG_WARN_DIRECT_OBJC_ISA_USAGE = YES_ERROR;
				CLANG_WARN_DOCUMENTATION_COMMENTS = YES;
				CLANG_WARN_EMPTY_BODY = YES;
				CLANG_WARN_ENUM_CONVERSION = YES;
				CLANG_WARN_INFINITE_RECURSION = YES;
				CLANG_WARN_INT_CONVERSION = YES;
				CLANG_WARN_NON_LITERAL_NULL_CONVERSION = YES;
				CLANG_WARN_OBJC_IMPLICIT_RETAIN_SELF = YES;
				CLANG_WARN_OBJC_LITERAL_CONVERSION = YES;
				CLANG_WARN_OBJC_ROOT_CLASS = YES_ERROR;
				CLANG_WARN_QUOTED_INCLUDE_IN_FRAMEWORK_HEADER = YES;
				CLANG_WARN_RANGE_LOOP_ANALYSIS = YES;
				CLANG_WARN_STRICT_PROTOTYPES = YES;
				CLANG_WARN_SUSPICIOUS_MOVE = YES;
				CLANG_WARN_UNGUARDED_AVAILABILITY = YES_AGGRESSIVE;
				CLANG_WARN_UNREACHABLE_CODE = YES;
				CLANG_WARN__DUPLICATE_METHOD_MATCH = YES;
				COPY_PHASE_STRIP = NO;
				DEBUG_INFORMATION_FORMAT = "dwarf-with-dsym";
				ENABLE_NS_ASSERTIONS = NO;
				ENABLE_STRICT_OBJC_MSGSEND = YES;
				GCC_C_LANGUAGE_STANDARD = gnu11;
				GCC_NO_COMMON_BLOCKS = YES;
				GCC_WARN_64_TO_32_BIT_CONVERSION = YES;
				GCC_WARN_ABOUT_RETURN_TYPE = YES_ERROR;
				GCC_WARN_UNDECLARED_SELECTOR = YES;
				GCC_WARN_UNINITIALIZED_AUTOS = YES_AGGRESSIVE;
				GCC_WARN_UNUSED_FUNCTION = YES;
				GCC_WARN_UNUSED_VARIABLE = YES;
				MACOSX_DEPLOYMENT_TARGET = 12.3;
				MTL_ENABLE_DEBUG_INFO = NO;
				MTL_FAST_MATH = YES;
				SDKROOT = macosx;
			};
			name = Release;
		};
		4A280C182802E04800D8B2D0 /* Debug */ = {
			isa = XCBuildConfiguration;
			buildSettings = {
				CODE_SIGN_STYLE = Automatic;
				FRAMEWORK_SEARCH_PATHS = "";
				HEADER_SEARCH_PATHS = (
					/opt/homebrew/include,
					"/Users/peppetort/Desktop/Università/Computer\\ Graphics/Assignments/A10/headers",
					/Users/peppetort/VulkanSDK/1.3.204.0/macOS/include,
				);
				LIBRARY_SEARCH_PATHS = (
					/opt/homebrew/lib,
					/Users/peppetort/VulkanSDK/1.3.204.0/macOS/lib,
				);
				PRODUCT_NAME = "$(TARGET_NAME)";
			};
			name = Debug;
		};
		4A280C192802E04800D8B2D0 /* Release */ = {
			isa = XCBuildConfiguration;
			buildSettings = {
				CODE_SIGN_STYLE = Automatic;
				FRAMEWORK_SEARCH_PATHS = "";
				HEADER_SEARCH_PATHS = (
					/opt/homebrew/include,
					"/Users/peppetort/Desktop/Università/Computer\\ Graphics/Assignments/A10/headers",
					/Users/peppetort/VulkanSDK/1.3.204.0/macOS/include,
				);
				LIBRARY_SEARCH_PATHS = (
					/opt/homebrew/lib,
					/Users/peppetort/VulkanSDK/1.3.204.0/macOS/lib,
				);
				PRODUCT_NAME = "$(TARGET_NAME)";
			};
			name = Release;
		};
/* End XCBuildConfiguration section */

/* Begin XCConfigurationList section */
		4A280C0B2802E04800D8B2D0 /* Build configuration list for PBXProject "A10Project" */ = {
			isa = XCConfigurationList;
			buildConfigurations = (
				4A280C152802E04800D8B2D0 /* Debug */,
				4A280C162802E04800D8B2D0 /* Release */,
			);
			defaultConfigurationIsVisible = 0;
			defaultConfigurationName = Release;
		};
		4A280C172802E04800D8B2D0 /* Build configuration list for PBXNativeTarget "A10Project" */ = {
			isa = XCConfigurationList;
			buildConfigurations = (
				4A280C182802E04800D8B2D0 /* Debug */,
				4A280C192802E04800D8B2D0 /* Release */,
			);
			defaultConfigurationIsVisible = 0;
			defaultConfigurationName = Release;
		};
/* End XCConfigurationList section */
	};
	rootObject = 4A280C082802E04800D8B2D0 /* Project object */;
}
