// !$*UTF8*$!
{
	archiveVersion = 1;
	classes = {
	};
	objectVersion = 55;
	objects = {

/* Begin PBXBuildFile section */
		4ADA373F2886EC620099EB54 /* Assignment20.cpp in Sources */ = {isa = PBXBuildFile; fileRef = 4ADA373E2886EC620099EB54 /* Assignment20.cpp */; };
		4ADA37432886ECC60099EB54 /* libvulkan.1.3.204.dylib in Frameworks */ = {isa = PBXBuildFile; fileRef = 4ADA37422886ECC50099EB54 /* libvulkan.1.3.204.dylib */; };
		4ADA37452886ECD30099EB54 /* libvulkan.1.dylib in Frameworks */ = {isa = PBXBuildFile; fileRef = 4ADA37442886ECD30099EB54 /* libvulkan.1.dylib */; };
		4ADA37462886ECF60099EB54 /* libvulkan.1.dylib in CopyFiles */ = {isa = PBXBuildFile; fileRef = 4ADA37442886ECD30099EB54 /* libvulkan.1.dylib */; settings = {ATTRIBUTES = (CodeSignOnCopy, ); }; };
		4ADA37472886ECF60099EB54 /* libvulkan.1.3.204.dylib in CopyFiles */ = {isa = PBXBuildFile; fileRef = 4ADA37422886ECC50099EB54 /* libvulkan.1.3.204.dylib */; settings = {ATTRIBUTES = (CodeSignOnCopy, ); }; };
		4ADA37492886ED050099EB54 /* libglfw.3.3.dylib in Frameworks */ = {isa = PBXBuildFile; fileRef = 4ADA37482886ED050099EB54 /* libglfw.3.3.dylib */; };
		4ADA374A2886ED090099EB54 /* libglfw.3.3.dylib in CopyFiles */ = {isa = PBXBuildFile; fileRef = 4ADA37482886ED050099EB54 /* libglfw.3.3.dylib */; settings = {ATTRIBUTES = (CodeSignOnCopy, ); }; };
/* End PBXBuildFile section */

/* Begin PBXCopyFilesBuildPhase section */
		4ADA37322886EB0B0099EB54 /* CopyFiles */ = {
			isa = PBXCopyFilesBuildPhase;
			buildActionMask = 12;
			dstPath = "";
			dstSubfolderSpec = 10;
			files = (
				4ADA374A2886ED090099EB54 /* libglfw.3.3.dylib in CopyFiles */,
				4ADA37462886ECF60099EB54 /* libvulkan.1.dylib in CopyFiles */,
				4ADA37472886ECF60099EB54 /* libvulkan.1.3.204.dylib in CopyFiles */,
			);
			runOnlyForDeploymentPostprocessing = 0;
		};
/* End PBXCopyFilesBuildPhase section */

/* Begin PBXFileReference section */
		4ADA37342886EB0B0099EB54 /* A20Project */ = {isa = PBXFileReference; explicitFileType = "compiled.mach-o.executable"; includeInIndex = 0; path = A20Project; sourceTree = BUILT_PRODUCTS_DIR; };
		4ADA373E2886EC620099EB54 /* Assignment20.cpp */ = {isa = PBXFileReference; lastKnownFileType = sourcecode.cpp.cpp; name = Assignment20.cpp; path = ../Assignment20.cpp; sourceTree = "<group>"; };
		4ADA37422886ECC50099EB54 /* libvulkan.1.3.204.dylib */ = {isa = PBXFileReference; lastKnownFileType = "compiled.mach-o.dylib"; name = libvulkan.1.3.204.dylib; path = ../../../../../../VulkanSDK/1.3.204.0/macOS/lib/libvulkan.1.3.204.dylib; sourceTree = "<group>"; };
		4ADA37442886ECD30099EB54 /* libvulkan.1.dylib */ = {isa = PBXFileReference; lastKnownFileType = "compiled.mach-o.dylib"; name = libvulkan.1.dylib; path = ../../../../../../VulkanSDK/1.3.204.0/macOS/lib/libvulkan.1.dylib; sourceTree = "<group>"; };
		4ADA37482886ED050099EB54 /* libglfw.3.3.dylib */ = {isa = PBXFileReference; lastKnownFileType = "compiled.mach-o.dylib"; name = libglfw.3.3.dylib; path = ../../../../../../../../opt/homebrew/lib/libglfw.3.3.dylib; sourceTree = "<group>"; };
/* End PBXFileReference section */

/* Begin PBXFrameworksBuildPhase section */
		4ADA37312886EB0B0099EB54 /* Frameworks */ = {
			isa = PBXFrameworksBuildPhase;
			buildActionMask = 2147483647;
			files = (
				4ADA37452886ECD30099EB54 /* libvulkan.1.dylib in Frameworks */,
				4ADA37432886ECC60099EB54 /* libvulkan.1.3.204.dylib in Frameworks */,
				4ADA37492886ED050099EB54 /* libglfw.3.3.dylib in Frameworks */,
			);
			runOnlyForDeploymentPostprocessing = 0;
		};
/* End PBXFrameworksBuildPhase section */

/* Begin PBXGroup section */
		4ADA372B2886EB0B0099EB54 = {
			isa = PBXGroup;
			children = (
				4ADA373E2886EC620099EB54 /* Assignment20.cpp */,
				4ADA37362886EB0B0099EB54 /* A20Project */,
				4ADA37352886EB0B0099EB54 /* Products */,
				4ADA37412886ECC50099EB54 /* Frameworks */,
			);
			sourceTree = "<group>";
		};
		4ADA37352886EB0B0099EB54 /* Products */ = {
			isa = PBXGroup;
			children = (
				4ADA37342886EB0B0099EB54 /* A20Project */,
			);
			name = Products;
			sourceTree = "<group>";
		};
		4ADA37362886EB0B0099EB54 /* A20Project */ = {
			isa = PBXGroup;
			children = (
			);
			path = A20Project;
			sourceTree = "<group>";
		};
		4ADA37412886ECC50099EB54 /* Frameworks */ = {
			isa = PBXGroup;
			children = (
				4ADA37482886ED050099EB54 /* libglfw.3.3.dylib */,
				4ADA37442886ECD30099EB54 /* libvulkan.1.dylib */,
				4ADA37422886ECC50099EB54 /* libvulkan.1.3.204.dylib */,
			);
			name = Frameworks;
			sourceTree = "<group>";
		};
/* End PBXGroup section */

/* Begin PBXNativeTarget section */
		4ADA37332886EB0B0099EB54 /* A20Project */ = {
			isa = PBXNativeTarget;
			buildConfigurationList = 4ADA373B2886EB0B0099EB54 /* Build configuration list for PBXNativeTarget "A20Project" */;
			buildPhases = (
				4ADA37302886EB0B0099EB54 /* Sources */,
				4ADA37312886EB0B0099EB54 /* Frameworks */,
				4ADA37322886EB0B0099EB54 /* CopyFiles */,
			);
			buildRules = (
			);
			dependencies = (
			);
			name = A20Project;
			productName = A20Project;
			productReference = 4ADA37342886EB0B0099EB54 /* A20Project */;
			productType = "com.apple.product-type.tool";
		};
/* End PBXNativeTarget section */

/* Begin PBXProject section */
		4ADA372C2886EB0B0099EB54 /* Project object */ = {
			isa = PBXProject;
			attributes = {
				BuildIndependentTargetsInParallel = 1;
				LastUpgradeCheck = 1340;
				TargetAttributes = {
					4ADA37332886EB0B0099EB54 = {
						CreatedOnToolsVersion = 13.4.1;
					};
				};
			};
			buildConfigurationList = 4ADA372F2886EB0B0099EB54 /* Build configuration list for PBXProject "A20Project" */;
			compatibilityVersion = "Xcode 13.0";
			developmentRegion = en;
			hasScannedForEncodings = 0;
			knownRegions = (
				en,
				Base,
			);
			mainGroup = 4ADA372B2886EB0B0099EB54;
			productRefGroup = 4ADA37352886EB0B0099EB54 /* Products */;
			projectDirPath = "";
			projectRoot = "";
			targets = (
				4ADA37332886EB0B0099EB54 /* A20Project */,
			);
		};
/* End PBXProject section */

/* Begin PBXSourcesBuildPhase section */
		4ADA37302886EB0B0099EB54 /* Sources */ = {
			isa = PBXSourcesBuildPhase;
			buildActionMask = 2147483647;
			files = (
				4ADA373F2886EC620099EB54 /* Assignment20.cpp in Sources */,
			);
			runOnlyForDeploymentPostprocessing = 0;
		};
/* End PBXSourcesBuildPhase section */

/* Begin XCBuildConfiguration section */
		4ADA37392886EB0B0099EB54 /* Debug */ = {
			isa = XCBuildConfiguration;
			buildSettings = {
				ALWAYS_SEARCH_USER_PATHS = NO;
				CLANG_ANALYZER_NONNULL = YES;
				CLANG_ANALYZER_NUMBER_OBJECT_CONVERSION = YES_AGGRESSIVE;
				CLANG_CXX_LANGUAGE_STANDARD = "gnu++17";
				CLANG_ENABLE_MODULES = YES;
				CLANG_ENABLE_OBJC_ARC = YES;
				CLANG_ENABLE_OBJC_WEAK = YES;
				CLANG_WARN_BLOCK_CAPTURE_AUTORELEASING = YES;
				CLANG_WARN_BOOL_CONVERSION = YES;
				CLANG_WARN_COMMA = YES;
				CLANG_WARN_CONSTANT_CONVERSION = YES;
				CLANG_WARN_DEPRECATED_OBJC_IMPLEMENTATIONS = YES;
				CLANG_WARN_DIRECT_OBJC_ISA_USAGE = YES_ERROR;
				CLANG_WARN_DOCUMENTATION_COMMENTS = YES;
				CLANG_WARN_EMPTY_BODY = YES;
				CLANG_WARN_ENUM_CONVERSION = YES;
				CLANG_WARN_INFINITE_RECURSION = YES;
				CLANG_WARN_INT_CONVERSION = YES;
				CLANG_WARN_NON_LITERAL_NULL_CONVERSION = YES;
				CLANG_WARN_OBJC_IMPLICIT_RETAIN_SELF = YES;
				CLANG_WARN_OBJC_LITERAL_CONVERSION = YES;
				CLANG_WARN_OBJC_ROOT_CLASS = YES_ERROR;
				CLANG_WARN_QUOTED_INCLUDE_IN_FRAMEWORK_HEADER = YES;
				CLANG_WARN_RANGE_LOOP_ANALYSIS = YES;
				CLANG_WARN_STRICT_PROTOTYPES = YES;
				CLANG_WARN_SUSPICIOUS_MOVE = YES;
				CLANG_WARN_UNGUARDED_AVAILABILITY = YES_AGGRESSIVE;
				CLANG_WARN_UNREACHABLE_CODE = YES;
				CLANG_WARN__DUPLICATE_METHOD_MATCH = YES;
				COPY_PHASE_STRIP = NO;
				DEBUG_INFORMATION_FORMAT = dwarf;
				ENABLE_STRICT_OBJC_MSGSEND = YES;
				ENABLE_TESTABILITY = YES;
				GCC_C_LANGUAGE_STANDARD = gnu11;
				GCC_DYNAMIC_NO_PIC = NO;
				GCC_NO_COMMON_BLOCKS = YES;
				GCC_OPTIMIZATION_LEVEL = 0;
				GCC_PREPROCESSOR_DEFINITIONS = (
					"DEBUG=1",
					"$(inherited)",
				);
				GCC_WARN_64_TO_32_BIT_CONVERSION = YES;
				GCC_WARN_ABOUT_RETURN_TYPE = YES_ERROR;
				GCC_WARN_UNDECLARED_SELECTOR = YES;
				GCC_WARN_UNINITIALIZED_AUTOS = YES_AGGRESSIVE;
				GCC_WARN_UNUSED_FUNCTION = YES;
				GCC_WARN_UNUSED_VARIABLE = YES;
				MACOSX_DEPLOYMENT_TARGET = 12.3;
				MTL_ENABLE_DEBUG_INFO = INCLUDE_SOURCE;
				MTL_FAST_MATH = YES;
				ONLY_ACTIVE_ARCH = YES;
				SDKROOT = macosx;
			};
			name = Debug;
		};
		4ADA373A2886EB0B0099EB54 /* Release */ = {
			isa = XCBuildConfiguration;
			buildSettings = {
				ALWAYS_SEARCH_USER_PATHS = NO;
				CLANG_ANALYZER_NONNULL = YES;
				CLANG_ANALYZER_NUMBER_OBJECT_CONVERSION = YES_AGGRESSIVE;
				CLANG_CXX_LANGUAGE_STANDARD = "gnu++17";
				CLANG_ENABLE_MODULES = YES;
				CLANG_ENABLE_OBJC_ARC = YES;
				CLANG_ENABLE_OBJC_WEAK = YES;
				CLANG_WARN_BLOCK_CAPTURE_AUTORELEASING = YES;
				CLANG_WARN_BOOL_CONVERSION = YES;
				CLANG_WARN_COMMA = YES;
				CLANG_WARN_CONSTANT_CONVERSION = YES;
				CLANG_WARN_DEPRECATED_OBJC_IMPLEMENTATIONS = YES;
				CLANG_WARN_DIRECT_OBJC_ISA_USAGE = YES_ERROR;
				CLANG_WARN_DOCUMENTATION_COMMENTS = YES;
				CLANG_WARN_EMPTY_BODY = YES;
				CLANG_WARN_ENUM_CONVERSION = YES;
				CLANG_WARN_INFINITE_RECURSION = YES;
				CLANG_WARN_INT_CONVERSION = YES;
				CLANG_WARN_NON_LITERAL_NULL_CONVERSION = YES;
				CLANG_WARN_OBJC_IMPLICIT_RETAIN_SELF = YES;
				CLANG_WARN_OBJC_LITERAL_CONVERSION = YES;
				CLANG_WARN_OBJC_ROOT_CLASS = YES_ERROR;
				CLANG_WARN_QUOTED_INCLUDE_IN_FRAMEWORK_HEADER = YES;
				CLANG_WARN_RANGE_LOOP_ANALYSIS = YES;
				CLANG_WARN_STRICT_PROTOTYPES = YES;
				CLANG_WARN_SUSPICIOUS_MOVE = YES;
				CLANG_WARN_UNGUARDED_AVAILABILITY = YES_AGGRESSIVE;
				CLANG_WARN_UNREACHABLE_CODE = YES;
				CLANG_WARN__DUPLICATE_METHOD_MATCH = YES;
				COPY_PHASE_STRIP = NO;
				DEBUG_INFORMATION_FORMAT = "dwarf-with-dsym";
				ENABLE_NS_ASSERTIONS = NO;
				ENABLE_STRICT_OBJC_MSGSEND = YES;
				GCC_C_LANGUAGE_STANDARD = gnu11;
				GCC_NO_COMMON_BLOCKS = YES;
				GCC_WARN_64_TO_32_BIT_CONVERSION = YES;
				GCC_WARN_ABOUT_RETURN_TYPE = YES_ERROR;
				GCC_WARN_UNDECLARED_SELECTOR = YES;
				GCC_WARN_UNINITIALIZED_AUTOS = YES_AGGRESSIVE;
				GCC_WARN_UNUSED_FUNCTION = YES;
				GCC_WARN_UNUSED_VARIABLE = YES;
				MACOSX_DEPLOYMENT_TARGET = 12.3;
				MTL_ENABLE_DEBUG_INFO = NO;
				MTL_FAST_MATH = YES;
				SDKROOT = macosx;
			};
			name = Release;
		};
		4ADA373C2886EB0B0099EB54 /* Debug */ = {
			isa = XCBuildConfiguration;
			buildSettings = {
				CODE_SIGN_STYLE = Automatic;
				HEADER_SEARCH_PATHS = (
					/Users/peppetort/VulkanSDK/1.3.204.0/macOS/include,
					/opt/homebrew/include,
					"/Users/peppetort/Desktop/Università/Computer\\ Graphics/Assignments/A20/headers",
				);
				LIBRARY_SEARCH_PATHS = (
					/Users/peppetort/VulkanSDK/1.3.204.0/macOS/lib,
					/opt/homebrew/lib,
				);
				PRODUCT_NAME = "$(TARGET_NAME)";
			};
			name = Debug;
		};
		4ADA373D2886EB0B0099EB54 /* Release */ = {
			isa = XCBuildConfiguration;
			buildSettings = {
				CODE_SIGN_STYLE = Automatic;
				HEADER_SEARCH_PATHS = (
					/Users/peppetort/VulkanSDK/1.3.204.0/macOS/include,
					/opt/homebrew/include,
					"/Users/peppetort/Desktop/Università/Computer\\ Graphics/Assignments/A20/headers",
				);
				LIBRARY_SEARCH_PATHS = (
					/Users/peppetort/VulkanSDK/1.3.204.0/macOS/lib,
					/opt/homebrew/lib,
				);
				PRODUCT_NAME = "$(TARGET_NAME)";
			};
			name = Release;
		};
/* End XCBuildConfiguration section */

/* Begin XCConfigurationList section */
		4ADA372F2886EB0B0099EB54 /* Build configuration list for PBXProject "A20Project" */ = {
			isa = XCConfigurationList;
			buildConfigurations = (
				4ADA37392886EB0B0099EB54 /* Debug */,
				4ADA373A2886EB0B0099EB54 /* Release */,
			);
			defaultConfigurationIsVisible = 0;
			defaultConfigurationName = Release;
		};
		4ADA373B2886EB0B0099EB54 /* Build configuration list for PBXNativeTarget "A20Project" */ = {
			isa = XCConfigurationList;
			buildConfigurations = (
				4ADA373C2886EB0B0099EB54 /* Debug */,
				4ADA373D2886EB0B0099EB54 /* Release */,
			);
			defaultConfigurationIsVisible = 0;
			defaultConfigurationName = Release;
		};
/* End XCConfigurationList section */
	};
	rootObject = 4ADA372C2886EB0B0099EB54 /* Project object */;
}
