// !$*UTF8*$!
{
	archiveVersion = 1;
	classes = {
	};
	objectVersion = 55;
	objects = {

/* Begin PBXBuildFile section */
		4AA205D127E4A35900C34F44 /* libvulkan.1.3.204.dylib in Frameworks */ = {isa = PBXBuildFile; fileRef = 4AA205D027E4A35900C34F44 /* libvulkan.1.3.204.dylib */; };
		4AA205D327E4A35B00C34F44 /* libvulkan.1.dylib in Frameworks */ = {isa = PBXBuildFile; fileRef = 4AA205D227E4A35B00C34F44 /* libvulkan.1.dylib */; };
		4AA205D527E4A36500C34F44 /* libglfw.3.3.dylib in Frameworks */ = {isa = PBXBuildFile; fileRef = 4AA205D427E4A36500C34F44 /* libglfw.3.3.dylib */; };
		4AA205D627E4A37200C34F44 /* libglfw.3.3.dylib in CopyFiles */ = {isa = PBXBuildFile; fileRef = 4AA205D427E4A36500C34F44 /* libglfw.3.3.dylib */; settings = {ATTRIBUTES = (CodeSignOnCopy, ); }; };
		4AA205D727E4A37200C34F44 /* libvulkan.1.dylib in CopyFiles */ = {isa = PBXBuildFile; fileRef = 4AA205D227E4A35B00C34F44 /* libvulkan.1.dylib */; settings = {ATTRIBUTES = (CodeSignOnCopy, ); }; };
		4AA205D827E4A37200C34F44 /* libvulkan.1.3.204.dylib in CopyFiles */ = {isa = PBXBuildFile; fileRef = 4AA205D027E4A35900C34F44 /* libvulkan.1.3.204.dylib */; settings = {ATTRIBUTES = (CodeSignOnCopy, ); }; };
		4AA205DB27E4A38900C34F44 /* Assignment05.cpp in Sources */ = {isa = PBXBuildFile; fileRef = 4AA205D927E4A38900C34F44 /* Assignment05.cpp */; };
/* End PBXBuildFile section */

/* Begin PBXCopyFilesBuildPhase section */
		4AA205C327E4A29500C34F44 /* CopyFiles */ = {
			isa = PBXCopyFilesBuildPhase;
			buildActionMask = 12;
			dstPath = "";
			dstSubfolderSpec = 10;
			files = (
				4AA205D627E4A37200C34F44 /* libglfw.3.3.dylib in CopyFiles */,
				4AA205D727E4A37200C34F44 /* libvulkan.1.dylib in CopyFiles */,
				4AA205D827E4A37200C34F44 /* libvulkan.1.3.204.dylib in CopyFiles */,
			);
			runOnlyForDeploymentPostprocessing = 0;
		};
/* End PBXCopyFilesBuildPhase section */

/* Begin PBXFileReference section */
		4AA205C527E4A29500C34F44 /* A05Project */ = {isa = PBXFileReference; explicitFileType = "compiled.mach-o.executable"; includeInIndex = 0; path = A05Project; sourceTree = BUILT_PRODUCTS_DIR; };
		4AA205D027E4A35900C34F44 /* libvulkan.1.3.204.dylib */ = {isa = PBXFileReference; lastKnownFileType = "compiled.mach-o.dylib"; name = libvulkan.1.3.204.dylib; path = ../../../../../../VulkanSDK/1.3.204.0/macOS/lib/libvulkan.1.3.204.dylib; sourceTree = "<group>"; };
		4AA205D227E4A35B00C34F44 /* libvulkan.1.dylib */ = {isa = PBXFileReference; lastKnownFileType = "compiled.mach-o.dylib"; name = libvulkan.1.dylib; path = ../../../../../../VulkanSDK/1.3.204.0/macOS/lib/libvulkan.1.dylib; sourceTree = "<group>"; };
		4AA205D427E4A36500C34F44 /* libglfw.3.3.dylib */ = {isa = PBXFileReference; lastKnownFileType = "compiled.mach-o.dylib"; name = libglfw.3.3.dylib; path = ../../../../../../../../opt/homebrew/lib/libglfw.3.3.dylib; sourceTree = "<group>"; };
		4AA205D927E4A38900C34F44 /* Assignment05.cpp */ = {isa = PBXFileReference; fileEncoding = 4; lastKnownFileType = sourcecode.cpp.cpp; name = Assignment05.cpp; path = ../../Assignment05.cpp; sourceTree = "<group>"; };
		4AA205DA27E4A38900C34F44 /* projections.cpp */ = {isa = PBXFileReference; fileEncoding = 4; lastKnownFileType = sourcecode.cpp.cpp; name = projections.cpp; path = ../../projections.cpp; sourceTree = "<group>"; };
/* End PBXFileReference section */

/* Begin PBXFrameworksBuildPhase section */
		4AA205C227E4A29500C34F44 /* Frameworks */ = {
			isa = PBXFrameworksBuildPhase;
			buildActionMask = 2147483647;
			files = (
				4AA205D127E4A35900C34F44 /* libvulkan.1.3.204.dylib in Frameworks */,
				4AA205D327E4A35B00C34F44 /* libvulkan.1.dylib in Frameworks */,
				4AA205D527E4A36500C34F44 /* libglfw.3.3.dylib in Frameworks */,
			);
			runOnlyForDeploymentPostprocessing = 0;
		};
/* End PBXFrameworksBuildPhase section */

/* Begin PBXGroup section */
		4AA205BC27E4A29500C34F44 = {
			isa = PBXGroup;
			children = (
				4AA205C727E4A29500C34F44 /* A05Project */,
				4AA205C627E4A29500C34F44 /* Products */,
				4AA205CF27E4A35900C34F44 /* Frameworks */,
			);
			sourceTree = "<group>";
		};
		4AA205C627E4A29500C34F44 /* Products */ = {
			isa = PBXGroup;
			children = (
				4AA205C527E4A29500C34F44 /* A05Project */,
			);
			name = Products;
			sourceTree = "<group>";
		};
		4AA205C727E4A29500C34F44 /* A05Project */ = {
			isa = PBXGroup;
			children = (
				4AA205D927E4A38900C34F44 /* Assignment05.cpp */,
				4AA205DA27E4A38900C34F44 /* projections.cpp */,
			);
			path = A05Project;
			sourceTree = "<group>";
		};
		4AA205CF27E4A35900C34F44 /* Frameworks */ = {
			isa = PBXGroup;
			children = (
				4AA205D427E4A36500C34F44 /* libglfw.3.3.dylib */,
				4AA205D227E4A35B00C34F44 /* libvulkan.1.dylib */,
				4AA205D027E4A35900C34F44 /* libvulkan.1.3.204.dylib */,
			);
			name = Frameworks;
			sourceTree = "<group>";
		};
/* End PBXGroup section */

/* Begin PBXNativeTarget section */
		4AA205C427E4A29500C34F44 /* A05Project */ = {
			isa = PBXNativeTarget;
			buildConfigurationList = 4AA205CC27E4A29500C34F44 /* Build configuration list for PBXNativeTarget "A05Project" */;
			buildPhases = (
				4AA205C127E4A29500C34F44 /* Sources */,
				4AA205C227E4A29500C34F44 /* Frameworks */,
				4AA205C327E4A29500C34F44 /* CopyFiles */,
			);
			buildRules = (
			);
			dependencies = (
			);
			name = A05Project;
			productName = A05Project;
			productReference = 4AA205C527E4A29500C34F44 /* A05Project */;
			productType = "com.apple.product-type.tool";
		};
/* End PBXNativeTarget section */

/* Begin PBXProject section */
		4AA205BD27E4A29500C34F44 /* Project object */ = {
			isa = PBXProject;
			attributes = {
				BuildIndependentTargetsInParallel = 1;
				LastUpgradeCheck = 1330;
				TargetAttributes = {
					4AA205C427E4A29500C34F44 = {
						CreatedOnToolsVersion = 13.3;
					};
				};
			};
			buildConfigurationList = 4AA205C027E4A29500C34F44 /* Build configuration list for PBXProject "A05Project" */;
			compatibilityVersion = "Xcode 13.0";
			developmentRegion = en;
			hasScannedForEncodings = 0;
			knownRegions = (
				en,
				Base,
			);
			mainGroup = 4AA205BC27E4A29500C34F44;
			productRefGroup = 4AA205C627E4A29500C34F44 /* Products */;
			projectDirPath = "";
			projectRoot = "";
			targets = (
				4AA205C427E4A29500C34F44 /* A05Project */,
			);
		};
/* End PBXProject section */

/* Begin PBXSourcesBuildPhase section */
		4AA205C127E4A29500C34F44 /* Sources */ = {
			isa = PBXSourcesBuildPhase;
			buildActionMask = 2147483647;
			files = (
				4AA205DB27E4A38900C34F44 /* Assignment05.cpp in Sources */,
			);
			runOnlyForDeploymentPostprocessing = 0;
		};
/* End PBXSourcesBuildPhase section */

/* Begin XCBuildConfiguration section */
		4AA205CA27E4A29500C34F44 /* Debug */ = {
			isa = XCBuildConfiguration;
			buildSettings = {
				ALWAYS_SEARCH_USER_PATHS = NO;
				CLANG_ANALYZER_NONNULL = YES;
				CLANG_ANALYZER_NUMBER_OBJECT_CONVERSION = YES_AGGRESSIVE;
				CLANG_CXX_LANGUAGE_STANDARD = "gnu++17";
				CLANG_ENABLE_MODULES = YES;
				CLANG_ENABLE_OBJC_ARC = YES;
				CLANG_ENABLE_OBJC_WEAK = YES;
				CLANG_WARN_BLOCK_CAPTURE_AUTORELEASING = YES;
				CLANG_WARN_BOOL_CONVERSION = YES;
				CLANG_WARN_COMMA = YES;
				CLANG_WARN_CONSTANT_CONVERSION = YES;
				CLANG_WARN_DEPRECATED_OBJC_IMPLEMENTATIONS = YES;
				CLANG_WARN_DIRECT_OBJC_ISA_USAGE = YES_ERROR;
				CLANG_WARN_DOCUMENTATION_COMMENTS = YES;
				CLANG_WARN_EMPTY_BODY = YES;
				CLANG_WARN_ENUM_CONVERSION = YES;
				CLANG_WARN_INFINITE_RECURSION = YES;
				CLANG_WARN_INT_CONVERSION = YES;
				CLANG_WARN_NON_LITERAL_NULL_CONVERSION = YES;
				CLANG_WARN_OBJC_IMPLICIT_RETAIN_SELF = YES;
				CLANG_WARN_OBJC_LITERAL_CONVERSION = YES;
				CLANG_WARN_OBJC_ROOT_CLASS = YES_ERROR;
				CLANG_WARN_QUOTED_INCLUDE_IN_FRAMEWORK_HEADER = YES;
				CLANG_WARN_RANGE_LOOP_ANALYSIS = YES;
				CLANG_WARN_STRICT_PROTOTYPES = YES;
				CLANG_WARN_SUSPICIOUS_MOVE = YES;
				CLANG_WARN_UNGUARDED_AVAILABILITY = YES_AGGRESSIVE;
				CLANG_WARN_UNREACHABLE_CODE = YES;
				CLANG_WARN__DUPLICATE_METHOD_MATCH = YES;
				COPY_PHASE_STRIP = NO;
				DEBUG_INFORMATION_FORMAT = dwarf;
				ENABLE_STRICT_OBJC_MSGSEND = YES;
				ENABLE_TESTABILITY = YES;
				GCC_C_LANGUAGE_STANDARD = gnu11;
				GCC_DYNAMIC_NO_PIC = NO;
				GCC_NO_COMMON_BLOCKS = YES;
				GCC_OPTIMIZATION_LEVEL = 0;
				GCC_PREPROCESSOR_DEFINITIONS = (
					"DEBUG=1",
					"$(inherited)",
				);
				GCC_WARN_64_TO_32_BIT_CONVERSION = YES;
				GCC_WARN_ABOUT_RETURN_TYPE = YES_ERROR;
				GCC_WARN_UNDECLARED_SELECTOR = YES;
				GCC_WARN_UNINITIALIZED_AUTOS = YES_AGGRESSIVE;
				GCC_WARN_UNUSED_FUNCTION = YES;
				GCC_WARN_UNUSED_VARIABLE = YES;
				MACOSX_DEPLOYMENT_TARGET = 12.3;
				MTL_ENABLE_DEBUG_INFO = INCLUDE_SOURCE;
				MTL_FAST_MATH = YES;
				ONLY_ACTIVE_ARCH = YES;
				SDKROOT = macosx;
			};
			name = Debug;
		};
		4AA205CB27E4A29500C34F44 /* Release */ = {
			isa = XCBuildConfiguration;
			buildSettings = {
				ALWAYS_SEARCH_USER_PATHS = NO;
				CLANG_ANALYZER_NONNULL = YES;
				CLANG_ANALYZER_NUMBER_OBJECT_CONVERSION = YES_AGGRESSIVE;
				CLANG_CXX_LANGUAGE_STANDARD = "gnu++17";
				CLANG_ENABLE_MODULES = YES;
				CLANG_ENABLE_OBJC_ARC = YES;
				CLANG_ENABLE_OBJC_WEAK = YES;
				CLANG_WARN_BLOCK_CAPTURE_AUTORELEASING = YES;
				CLANG_WARN_BOOL_CONVERSION = YES;
				CLANG_WARN_COMMA = YES;
				CLANG_WARN_CONSTANT_CONVERSION = YES;
				CLANG_WARN_DEPRECATED_OBJC_IMPLEMENTATIONS = YES;
				CLANG_WARN_DIRECT_OBJC_ISA_USAGE = YES_ERROR;
				CLANG_WARN_DOCUMENTATION_COMMENTS = YES;
				CLANG_WARN_EMPTY_BODY = YES;
				CLANG_WARN_ENUM_CONVERSION = YES;
				CLANG_WARN_INFINITE_RECURSION = YES;
				CLANG_WARN_INT_CONVERSION = YES;
				CLANG_WARN_NON_LITERAL_NULL_CONVERSION = YES;
				CLANG_WARN_OBJC_IMPLICIT_RETAIN_SELF = YES;
				CLANG_WARN_OBJC_LITERAL_CONVERSION = YES;
				CLANG_WARN_OBJC_ROOT_CLASS = YES_ERROR;
				CLANG_WARN_QUOTED_INCLUDE_IN_FRAMEWORK_HEADER = YES;
				CLANG_WARN_RANGE_LOOP_ANALYSIS = YES;
				CLANG_WARN_STRICT_PROTOTYPES = YES;
				CLANG_WARN_SUSPICIOUS_MOVE = YES;
				CLANG_WARN_UNGUARDED_AVAILABILITY = YES_AGGRESSIVE;
				CLANG_WARN_UNREACHABLE_CODE = YES;
				CLANG_WARN__DUPLICATE_METHOD_MATCH = YES;
				COPY_PHASE_STRIP = NO;
				DEBUG_INFORMATION_FORMAT = "dwarf-with-dsym";
				ENABLE_NS_ASSERTIONS = NO;
				ENABLE_STRICT_OBJC_MSGSEND = YES;
				GCC_C_LANGUAGE_STANDARD = gnu11;
				GCC_NO_COMMON_BLOCKS = YES;
				GCC_WARN_64_TO_32_BIT_CONVERSION = YES;
				GCC_WARN_ABOUT_RETURN_TYPE = YES_ERROR;
				GCC_WARN_UNDECLARED_SELECTOR = YES;
				GCC_WARN_UNINITIALIZED_AUTOS = YES_AGGRESSIVE;
				GCC_WARN_UNUSED_FUNCTION = YES;
				GCC_WARN_UNUSED_VARIABLE = YES;
				MACOSX_DEPLOYMENT_TARGET = 12.3;
				MTL_ENABLE_DEBUG_INFO = NO;
				MTL_FAST_MATH = YES;
				SDKROOT = macosx;
			};
			name = Release;
		};
		4AA205CD27E4A29500C34F44 /* Debug */ = {
			isa = XCBuildConfiguration;
			buildSettings = {
				CODE_SIGN_STYLE = Automatic;
				HEADER_SEARCH_PATHS = (
					/opt/homebrew/include,
					/Users/peppetort/VulkanSDK/1.3.204.0/macOS/include,
					"/Users/peppetort/Desktop/Università/Computer\\ Graphics/Assignments/A05/headers",
				);
				LIBRARY_SEARCH_PATHS = (
					/opt/homebrew/lib,
					/Users/peppetort/VulkanSDK/1.3.204.0/macOS/lib,
				);
				PRODUCT_NAME = "$(TARGET_NAME)";
			};
			name = Debug;
		};
		4AA205CE27E4A29500C34F44 /* Release */ = {
			isa = XCBuildConfiguration;
			buildSettings = {
				CODE_SIGN_STYLE = Automatic;
				HEADER_SEARCH_PATHS = (
					/opt/homebrew/include,
					/Users/peppetort/VulkanSDK/1.3.204.0/macOS/include,
					"/Users/peppetort/Desktop/Università/Computer\\ Graphics/Assignments/A05/headers",
				);
				LIBRARY_SEARCH_PATHS = (
					/opt/homebrew/lib,
					/Users/peppetort/VulkanSDK/1.3.204.0/macOS/lib,
				);
				PRODUCT_NAME = "$(TARGET_NAME)";
			};
			name = Release;
		};
/* End XCBuildConfiguration section */

/* Begin XCConfigurationList section */
		4AA205C027E4A29500C34F44 /* Build configuration list for PBXProject "A05Project" */ = {
			isa = XCConfigurationList;
			buildConfigurations = (
				4AA205CA27E4A29500C34F44 /* Debug */,
				4AA205CB27E4A29500C34F44 /* Release */,
			);
			defaultConfigurationIsVisible = 0;
			defaultConfigurationName = Release;
		};
		4AA205CC27E4A29500C34F44 /* Build configuration list for PBXNativeTarget "A05Project" */ = {
			isa = XCConfigurationList;
			buildConfigurations = (
				4AA205CD27E4A29500C34F44 /* Debug */,
				4AA205CE27E4A29500C34F44 /* Release */,
			);
			defaultConfigurationIsVisible = 0;
			defaultConfigurationName = Release;
		};
/* End XCConfigurationList section */
	};
	rootObject = 4AA205BD27E4A29500C34F44 /* Project object */;
}
