// !$*UTF8*$!
{
	archiveVersion = 1;
	classes = {
	};
	objectVersion = 55;
	objects = {

/* Begin PBXBuildFile section */
		4A1FB33727F47FA30029A421 /* libvulkan.1.dylib in Frameworks */ = {isa = PBXBuildFile; fileRef = 4A1FB33527F47FA30029A421 /* libvulkan.1.dylib */; };
		4A1FB33827F47FA30029A421 /* libvulkan.1.3.204.dylib in Frameworks */ = {isa = PBXBuildFile; fileRef = 4A1FB33627F47FA30029A421 /* libvulkan.1.3.204.dylib */; };
		4A1FB33A27F47FBC0029A421 /* libglfw.3.3.dylib in Frameworks */ = {isa = PBXBuildFile; fileRef = 4A1FB33927F47FBC0029A421 /* libglfw.3.3.dylib */; };
		4A1FB33B27F47FC70029A421 /* libglfw.3.3.dylib in CopyFiles */ = {isa = PBXBuildFile; fileRef = 4A1FB33927F47FBC0029A421 /* libglfw.3.3.dylib */; settings = {ATTRIBUTES = (CodeSignOnCopy, ); }; };
		4A1FB33C27F47FC70029A421 /* libvulkan.1.3.204.dylib in CopyFiles */ = {isa = PBXBuildFile; fileRef = 4A1FB33627F47FA30029A421 /* libvulkan.1.3.204.dylib */; settings = {ATTRIBUTES = (CodeSignOnCopy, ); }; };
		4A1FB33D27F47FC70029A421 /* libvulkan.1.dylib in CopyFiles */ = {isa = PBXBuildFile; fileRef = 4A1FB33527F47FA30029A421 /* libvulkan.1.dylib */; settings = {ATTRIBUTES = (CodeSignOnCopy, ); }; };
		4A1FB34027F47FD10029A421 /* Assignment08.cpp in Sources */ = {isa = PBXBuildFile; fileRef = 4A1FB33E27F47FD10029A421 /* Assignment08.cpp */; };
/* End PBXBuildFile section */

/* Begin PBXCopyFilesBuildPhase section */
		4A1FB32827F47F260029A421 /* CopyFiles */ = {
			isa = PBXCopyFilesBuildPhase;
			buildActionMask = 12;
			dstPath = "";
			dstSubfolderSpec = 10;
			files = (
				4A1FB33B27F47FC70029A421 /* libglfw.3.3.dylib in CopyFiles */,
				4A1FB33C27F47FC70029A421 /* libvulkan.1.3.204.dylib in CopyFiles */,
				4A1FB33D27F47FC70029A421 /* libvulkan.1.dylib in CopyFiles */,
			);
			runOnlyForDeploymentPostprocessing = 0;
		};
/* End PBXCopyFilesBuildPhase section */

/* Begin PBXFileReference section */
		4A1FB32A27F47F260029A421 /* A08Project */ = {isa = PBXFileReference; explicitFileType = "compiled.mach-o.executable"; includeInIndex = 0; path = A08Project; sourceTree = BUILT_PRODUCTS_DIR; };
		4A1FB33527F47FA30029A421 /* libvulkan.1.dylib */ = {isa = PBXFileReference; lastKnownFileType = "compiled.mach-o.dylib"; name = libvulkan.1.dylib; path = ../../../../../../VulkanSDK/1.3.204.0/macOS/lib/libvulkan.1.dylib; sourceTree = "<group>"; };
		4A1FB33627F47FA30029A421 /* libvulkan.1.3.204.dylib */ = {isa = PBXFileReference; lastKnownFileType = "compiled.mach-o.dylib"; name = libvulkan.1.3.204.dylib; path = ../../../../../../VulkanSDK/1.3.204.0/macOS/lib/libvulkan.1.3.204.dylib; sourceTree = "<group>"; };
		4A1FB33927F47FBC0029A421 /* libglfw.3.3.dylib */ = {isa = PBXFileReference; lastKnownFileType = "compiled.mach-o.dylib"; name = libglfw.3.3.dylib; path = ../../../../../../../../opt/homebrew/lib/libglfw.3.3.dylib; sourceTree = "<group>"; };
		4A1FB33E27F47FD10029A421 /* Assignment08.cpp */ = {isa = PBXFileReference; fileEncoding = 4; lastKnownFileType = sourcecode.cpp.cpp; name = Assignment08.cpp; path = ../../Assignment08.cpp; sourceTree = "<group>"; };
		4A1FB33F27F47FD10029A421 /* updatePosition.cpp */ = {isa = PBXFileReference; fileEncoding = 4; lastKnownFileType = sourcecode.cpp.cpp; name = updatePosition.cpp; path = ../../updatePosition.cpp; sourceTree = "<group>"; };
/* End PBXFileReference section */

/* Begin PBXFrameworksBuildPhase section */
		4A1FB32727F47F260029A421 /* Frameworks */ = {
			isa = PBXFrameworksBuildPhase;
			buildActionMask = 2147483647;
			files = (
				4A1FB33727F47FA30029A421 /* libvulkan.1.dylib in Frameworks */,
				4A1FB33827F47FA30029A421 /* libvulkan.1.3.204.dylib in Frameworks */,
				4A1FB33A27F47FBC0029A421 /* libglfw.3.3.dylib in Frameworks */,
			);
			runOnlyForDeploymentPostprocessing = 0;
		};
/* End PBXFrameworksBuildPhase section */

/* Begin PBXGroup section */
		4A1FB32127F47F260029A421 = {
			isa = PBXGroup;
			children = (
				4A1FB32C27F47F260029A421 /* A08Project */,
				4A1FB32B27F47F260029A421 /* Products */,
				4A1FB33427F47FA20029A421 /* Frameworks */,
			);
			sourceTree = "<group>";
		};
		4A1FB32B27F47F260029A421 /* Products */ = {
			isa = PBXGroup;
			children = (
				4A1FB32A27F47F260029A421 /* A08Project */,
			);
			name = Products;
			sourceTree = "<group>";
		};
		4A1FB32C27F47F260029A421 /* A08Project */ = {
			isa = PBXGroup;
			children = (
				4A1FB33E27F47FD10029A421 /* Assignment08.cpp */,
				4A1FB33F27F47FD10029A421 /* updatePosition.cpp */,
			);
			path = A08Project;
			sourceTree = "<group>";
		};
		4A1FB33427F47FA20029A421 /* Frameworks */ = {
			isa = PBXGroup;
			children = (
				4A1FB33927F47FBC0029A421 /* libglfw.3.3.dylib */,
				4A1FB33627F47FA30029A421 /* libvulkan.1.3.204.dylib */,
				4A1FB33527F47FA30029A421 /* libvulkan.1.dylib */,
			);
			name = Frameworks;
			sourceTree = "<group>";
		};
/* End PBXGroup section */

/* Begin PBXNativeTarget section */
		4A1FB32927F47F260029A421 /* A08Project */ = {
			isa = PBXNativeTarget;
			buildConfigurationList = 4A1FB33127F47F260029A421 /* Build configuration list for PBXNativeTarget "A08Project" */;
			buildPhases = (
				4A1FB32627F47F260029A421 /* Sources */,
				4A1FB32727F47F260029A421 /* Frameworks */,
				4A1FB32827F47F260029A421 /* CopyFiles */,
			);
			buildRules = (
			);
			dependencies = (
			);
			name = A08Project;
			productName = A08Project;
			productReference = 4A1FB32A27F47F260029A421 /* A08Project */;
			productType = "com.apple.product-type.tool";
		};
/* End PBXNativeTarget section */

/* Begin PBXProject section */
		4A1FB32227F47F260029A421 /* Project object */ = {
			isa = PBXProject;
			attributes = {
				BuildIndependentTargetsInParallel = 1;
				LastUpgradeCheck = 1330;
				TargetAttributes = {
					4A1FB32927F47F260029A421 = {
						CreatedOnToolsVersion = 13.3;
					};
				};
			};
			buildConfigurationList = 4A1FB32527F47F260029A421 /* Build configuration list for PBXProject "A08Project" */;
			compatibilityVersion = "Xcode 13.0";
			developmentRegion = en;
			hasScannedForEncodings = 0;
			knownRegions = (
				en,
				Base,
			);
			mainGroup = 4A1FB32127F47F260029A421;
			productRefGroup = 4A1FB32B27F47F260029A421 /* Products */;
			projectDirPath = "";
			projectRoot = "";
			targets = (
				4A1FB32927F47F260029A421 /* A08Project */,
			);
		};
/* End PBXProject section */

/* Begin PBXSourcesBuildPhase section */
		4A1FB32627F47F260029A421 /* Sources */ = {
			isa = PBXSourcesBuildPhase;
			buildActionMask = 2147483647;
			files = (
				4A1FB34027F47FD10029A421 /* Assignment08.cpp in Sources */,
			);
			runOnlyForDeploymentPostprocessing = 0;
		};
/* End PBXSourcesBuildPhase section */

/* Begin XCBuildConfiguration section */
		4A1FB32F27F47F260029A421 /* Debug */ = {
			isa = XCBuildConfiguration;
			buildSettings = {
				ALWAYS_SEARCH_USER_PATHS = NO;
				CLANG_ANALYZER_NONNULL = YES;
				CLANG_ANALYZER_NUMBER_OBJECT_CONVERSION = YES_AGGRESSIVE;
				CLANG_CXX_LANGUAGE_STANDARD = "gnu++17";
				CLANG_ENABLE_MODULES = YES;
				CLANG_ENABLE_OBJC_ARC = YES;
				CLANG_ENABLE_OBJC_WEAK = YES;
				CLANG_WARN_BLOCK_CAPTURE_AUTORELEASING = YES;
				CLANG_WARN_BOOL_CONVERSION = YES;
				CLANG_WARN_COMMA = YES;
				CLANG_WARN_CONSTANT_CONVERSION = YES;
				CLANG_WARN_DEPRECATED_OBJC_IMPLEMENTATIONS = YES;
				CLANG_WARN_DIRECT_OBJC_ISA_USAGE = YES_ERROR;
				CLANG_WARN_DOCUMENTATION_COMMENTS = YES;
				CLANG_WARN_EMPTY_BODY = YES;
				CLANG_WARN_ENUM_CONVERSION = YES;
				CLANG_WARN_INFINITE_RECURSION = YES;
				CLANG_WARN_INT_CONVERSION = YES;
				CLANG_WARN_NON_LITERAL_NULL_CONVERSION = YES;
				CLANG_WARN_OBJC_IMPLICIT_RETAIN_SELF = YES;
				CLANG_WARN_OBJC_LITERAL_CONVERSION = YES;
				CLANG_WARN_OBJC_ROOT_CLASS = YES_ERROR;
				CLANG_WARN_QUOTED_INCLUDE_IN_FRAMEWORK_HEADER = YES;
				CLANG_WARN_RANGE_LOOP_ANALYSIS = YES;
				CLANG_WARN_STRICT_PROTOTYPES = YES;
				CLANG_WARN_SUSPICIOUS_MOVE = YES;
				CLANG_WARN_UNGUARDED_AVAILABILITY = YES_AGGRESSIVE;
				CLANG_WARN_UNREACHABLE_CODE = YES;
				CLANG_WARN__DUPLICATE_METHOD_MATCH = YES;
				COPY_PHASE_STRIP = NO;
				DEBUG_INFORMATION_FORMAT = dwarf;
				ENABLE_STRICT_OBJC_MSGSEND = YES;
				ENABLE_TESTABILITY = YES;
				GCC_C_LANGUAGE_STANDARD = gnu11;
				GCC_DYNAMIC_NO_PIC = NO;
				GCC_NO_COMMON_BLOCKS = YES;
				GCC_OPTIMIZATION_LEVEL = 0;
				GCC_PREPROCESSOR_DEFINITIONS = (
					"DEBUG=1",
					"$(inherited)",
				);
				GCC_WARN_64_TO_32_BIT_CONVERSION = YES;
				GCC_WARN_ABOUT_RETURN_TYPE = YES_ERROR;
				GCC_WARN_UNDECLARED_SELECTOR = YES;
				GCC_WARN_UNINITIALIZED_AUTOS = YES_AGGRESSIVE;
				GCC_WARN_UNUSED_FUNCTION = YES;
				GCC_WARN_UNUSED_VARIABLE = YES;
				MACOSX_DEPLOYMENT_TARGET = 12.3;
				MTL_ENABLE_DEBUG_INFO = INCLUDE_SOURCE;
				MTL_FAST_MATH = YES;
				ONLY_ACTIVE_ARCH = YES;
				SDKROOT = macosx;
			};
			name = Debug;
		};
		4A1FB33027F47F260029A421 /* Release */ = {
			isa = XCBuildConfiguration;
			buildSettings = {
				ALWAYS_SEARCH_USER_PATHS = NO;
				CLANG_ANALYZER_NONNULL = YES;
				CLANG_ANALYZER_NUMBER_OBJECT_CONVERSION = YES_AGGRESSIVE;
				CLANG_CXX_LANGUAGE_STANDARD = "gnu++17";
				CLANG_ENABLE_MODULES = YES;
				CLANG_ENABLE_OBJC_ARC = YES;
				CLANG_ENABLE_OBJC_WEAK = YES;
				CLANG_WARN_BLOCK_CAPTURE_AUTORELEASING = YES;
				CLANG_WARN_BOOL_CONVERSION = YES;
				CLANG_WARN_COMMA = YES;
				CLANG_WARN_CONSTANT_CONVERSION = YES;
				CLANG_WARN_DEPRECATED_OBJC_IMPLEMENTATIONS = YES;
				CLANG_WARN_DIRECT_OBJC_ISA_USAGE = YES_ERROR;
				CLANG_WARN_DOCUMENTATION_COMMENTS = YES;
				CLANG_WARN_EMPTY_BODY = YES;
				CLANG_WARN_ENUM_CONVERSION = YES;
				CLANG_WARN_INFINITE_RECURSION = YES;
				CLANG_WARN_INT_CONVERSION = YES;
				CLANG_WARN_NON_LITERAL_NULL_CONVERSION = YES;
				CLANG_WARN_OBJC_IMPLICIT_RETAIN_SELF = YES;
				CLANG_WARN_OBJC_LITERAL_CONVERSION = YES;
				CLANG_WARN_OBJC_ROOT_CLASS = YES_ERROR;
				CLANG_WARN_QUOTED_INCLUDE_IN_FRAMEWORK_HEADER = YES;
				CLANG_WARN_RANGE_LOOP_ANALYSIS = YES;
				CLANG_WARN_STRICT_PROTOTYPES = YES;
				CLANG_WARN_SUSPICIOUS_MOVE = YES;
				CLANG_WARN_UNGUARDED_AVAILABILITY = YES_AGGRESSIVE;
				CLANG_WARN_UNREACHABLE_CODE = YES;
				CLANG_WARN__DUPLICATE_METHOD_MATCH = YES;
				COPY_PHASE_STRIP = NO;
				DEBUG_INFORMATION_FORMAT = "dwarf-with-dsym";
				ENABLE_NS_ASSERTIONS = NO;
				ENABLE_STRICT_OBJC_MSGSEND = YES;
				GCC_C_LANGUAGE_STANDARD = gnu11;
				GCC_NO_COMMON_BLOCKS = YES;
				GCC_WARN_64_TO_32_BIT_CONVERSION = YES;
				GCC_WARN_ABOUT_RETURN_TYPE = YES_ERROR;
				GCC_WARN_UNDECLARED_SELECTOR = YES;
				GCC_WARN_UNINITIALIZED_AUTOS = YES_AGGRESSIVE;
				GCC_WARN_UNUSED_FUNCTION = YES;
				GCC_WARN_UNUSED_VARIABLE = YES;
				MACOSX_DEPLOYMENT_TARGET = 12.3;
				MTL_ENABLE_DEBUG_INFO = NO;
				MTL_FAST_MATH = YES;
				SDKROOT = macosx;
			};
			name = Release;
		};
		4A1FB33227F47F260029A421 /* Debug */ = {
			isa = XCBuildConfiguration;
			buildSettings = {
				CODE_SIGN_STYLE = Automatic;
				HEADER_SEARCH_PATHS = (
					/opt/homebrew/include,
					/Users/peppetort/VulkanSDK/1.3.204.0/macOS/include,
					"/Users/peppetort/Desktop/Università/Computer\\ Graphics/Assignments/A08/headers",
				);
				LIBRARY_SEARCH_PATHS = (
					/opt/homebrew/lib,
					/Users/peppetort/VulkanSDK/1.3.204.0/macOS/lib,
				);
				PRODUCT_NAME = "$(TARGET_NAME)";
			};
			name = Debug;
		};
		4A1FB33327F47F260029A421 /* Release */ = {
			isa = XCBuildConfiguration;
			buildSettings = {
				CODE_SIGN_STYLE = Automatic;
				HEADER_SEARCH_PATHS = (
					/opt/homebrew/include,
					/Users/peppetort/VulkanSDK/1.3.204.0/macOS/include,
					"/Users/peppetort/Desktop/Università/Computer\\ Graphics/Assignments/A08/headers",
				);
				LIBRARY_SEARCH_PATHS = (
					/opt/homebrew/lib,
					/Users/peppetort/VulkanSDK/1.3.204.0/macOS/lib,
				);
				PRODUCT_NAME = "$(TARGET_NAME)";
			};
			name = Release;
		};
/* End XCBuildConfiguration section */

/* Begin XCConfigurationList section */
		4A1FB32527F47F260029A421 /* Build configuration list for PBXProject "A08Project" */ = {
			isa = XCConfigurationList;
			buildConfigurations = (
				4A1FB32F27F47F260029A421 /* Debug */,
				4A1FB33027F47F260029A421 /* Release */,
			);
			defaultConfigurationIsVisible = 0;
			defaultConfigurationName = Release;
		};
		4A1FB33127F47F260029A421 /* Build configuration list for PBXNativeTarget "A08Project" */ = {
			isa = XCConfigurationList;
			buildConfigurations = (
				4A1FB33227F47F260029A421 /* Debug */,
				4A1FB33327F47F260029A421 /* Release */,
			);
			defaultConfigurationIsVisible = 0;
			defaultConfigurationName = Release;
		};
/* End XCConfigurationList section */
	};
	rootObject = 4A1FB32227F47F260029A421 /* Project object */;
}
