// !$*UTF8*$!
{
	archiveVersion = 1;
	classes = {
	};
	objectVersion = 55;
	objects = {

/* Begin PBXBuildFile section */
		4A29C96A282BBA7400A1CAB3 /* libvulkan.1.3.204.dylib in Frameworks */ = {isa = PBXBuildFile; fileRef = 4A29C968282BBA7400A1CAB3 /* libvulkan.1.3.204.dylib */; };
		4A29C96B282BBA7400A1CAB3 /* libvulkan.1.dylib in Frameworks */ = {isa = PBXBuildFile; fileRef = 4A29C969282BBA7400A1CAB3 /* libvulkan.1.dylib */; };
		4A29C96D282BBA8300A1CAB3 /* libglfw.3.3.dylib in Frameworks */ = {isa = PBXBuildFile; fileRef = 4A29C96C282BBA8300A1CAB3 /* libglfw.3.3.dylib */; };
		4A29C96E282BBA8B00A1CAB3 /* libglfw.3.3.dylib in CopyFiles */ = {isa = PBXBuildFile; fileRef = 4A29C96C282BBA8300A1CAB3 /* libglfw.3.3.dylib */; settings = {ATTRIBUTES = (CodeSignOnCopy, ); }; };
		4A29C96F282BBA8B00A1CAB3 /* libvulkan.1.3.204.dylib in CopyFiles */ = {isa = PBXBuildFile; fileRef = 4A29C968282BBA7400A1CAB3 /* libvulkan.1.3.204.dylib */; settings = {ATTRIBUTES = (CodeSignOnCopy, ); }; };
		4A29C970282BBA8B00A1CAB3 /* libvulkan.1.dylib in CopyFiles */ = {isa = PBXBuildFile; fileRef = 4A29C969282BBA7400A1CAB3 /* libvulkan.1.dylib */; settings = {ATTRIBUTES = (CodeSignOnCopy, ); }; };
		4A29C972282BBAA300A1CAB3 /* Assignment17.cpp in Sources */ = {isa = PBXBuildFile; fileRef = 4A29C971282BBAA300A1CAB3 /* Assignment17.cpp */; };
/* End PBXBuildFile section */

/* Begin PBXCopyFilesBuildPhase section */
		4A29C95B282BB9E700A1CAB3 /* CopyFiles */ = {
			isa = PBXCopyFilesBuildPhase;
			buildActionMask = 12;
			dstPath = "";
			dstSubfolderSpec = 10;
			files = (
				4A29C96E282BBA8B00A1CAB3 /* libglfw.3.3.dylib in CopyFiles */,
				4A29C96F282BBA8B00A1CAB3 /* libvulkan.1.3.204.dylib in CopyFiles */,
				4A29C970282BBA8B00A1CAB3 /* libvulkan.1.dylib in CopyFiles */,
			);
			runOnlyForDeploymentPostprocessing = 0;
		};
/* End PBXCopyFilesBuildPhase section */

/* Begin PBXFileReference section */
		4A29C95D282BB9E700A1CAB3 /* A17Project */ = {isa = PBXFileReference; explicitFileType = "compiled.mach-o.executable"; includeInIndex = 0; path = A17Project; sourceTree = BUILT_PRODUCTS_DIR; };
		4A29C968282BBA7400A1CAB3 /* libvulkan.1.3.204.dylib */ = {isa = PBXFileReference; lastKnownFileType = "compiled.mach-o.dylib"; name = libvulkan.1.3.204.dylib; path = ../../../../../../VulkanSDK/1.3.204.0/macOS/lib/libvulkan.1.3.204.dylib; sourceTree = "<group>"; };
		4A29C969282BBA7400A1CAB3 /* libvulkan.1.dylib */ = {isa = PBXFileReference; lastKnownFileType = "compiled.mach-o.dylib"; name = libvulkan.1.dylib; path = ../../../../../../VulkanSDK/1.3.204.0/macOS/lib/libvulkan.1.dylib; sourceTree = "<group>"; };
		4A29C96C282BBA8300A1CAB3 /* libglfw.3.3.dylib */ = {isa = PBXFileReference; lastKnownFileType = "compiled.mach-o.dylib"; name = libglfw.3.3.dylib; path = ../../../../../../../../opt/homebrew/lib/libglfw.3.3.dylib; sourceTree = "<group>"; };
		4A29C971282BBAA300A1CAB3 /* Assignment17.cpp */ = {isa = PBXFileReference; fileEncoding = 4; lastKnownFileType = sourcecode.cpp.cpp; name = Assignment17.cpp; path = ../../Assignment17.cpp; sourceTree = "<group>"; };
		4A29C974282BBC5900A1CAB3 /* BRDFShader.vert */ = {isa = PBXFileReference; lastKnownFileType = sourcecode.glsl; name = BRDFShader.vert; path = ../../shaders/BRDFShader.vert; sourceTree = "<group>"; };
		4A29C975282BBC5F00A1CAB3 /* BRDFShader.frag */ = {isa = PBXFileReference; lastKnownFileType = sourcecode.glsl; name = BRDFShader.frag; path = ../../shaders/BRDFShader.frag; sourceTree = "<group>"; };
/* End PBXFileReference section */

/* Begin PBXFrameworksBuildPhase section */
		4A29C95A282BB9E700A1CAB3 /* Frameworks */ = {
			isa = PBXFrameworksBuildPhase;
			buildActionMask = 2147483647;
			files = (
				4A29C96A282BBA7400A1CAB3 /* libvulkan.1.3.204.dylib in Frameworks */,
				4A29C96B282BBA7400A1CAB3 /* libvulkan.1.dylib in Frameworks */,
				4A29C96D282BBA8300A1CAB3 /* libglfw.3.3.dylib in Frameworks */,
			);
			runOnlyForDeploymentPostprocessing = 0;
		};
/* End PBXFrameworksBuildPhase section */

/* Begin PBXGroup section */
		4A29C954282BB9E700A1CAB3 = {
			isa = PBXGroup;
			children = (
				4A29C95F282BB9E700A1CAB3 /* A17Project */,
				4A29C95E282BB9E700A1CAB3 /* Products */,
				4A29C967282BBA7400A1CAB3 /* Frameworks */,
			);
			sourceTree = "<group>";
		};
		4A29C95E282BB9E700A1CAB3 /* Products */ = {
			isa = PBXGroup;
			children = (
				4A29C95D282BB9E700A1CAB3 /* A17Project */,
			);
			name = Products;
			sourceTree = "<group>";
		};
		4A29C95F282BB9E700A1CAB3 /* A17Project */ = {
			isa = PBXGroup;
			children = (
				4A29C971282BBAA300A1CAB3 /* Assignment17.cpp */,
				4A29C974282BBC5900A1CAB3 /* BRDFShader.vert */,
				4A29C975282BBC5F00A1CAB3 /* BRDFShader.frag */,
			);
			path = A17Project;
			sourceTree = "<group>";
		};
		4A29C967282BBA7400A1CAB3 /* Frameworks */ = {
			isa = PBXGroup;
			children = (
				4A29C96C282BBA8300A1CAB3 /* libglfw.3.3.dylib */,
				4A29C968282BBA7400A1CAB3 /* libvulkan.1.3.204.dylib */,
				4A29C969282BBA7400A1CAB3 /* libvulkan.1.dylib */,
			);
			name = Frameworks;
			sourceTree = "<group>";
		};
/* End PBXGroup section */

/* Begin PBXNativeTarget section */
		4A29C95C282BB9E700A1CAB3 /* A17Project */ = {
			isa = PBXNativeTarget;
			buildConfigurationList = 4A29C964282BB9E700A1CAB3 /* Build configuration list for PBXNativeTarget "A17Project" */;
			buildPhases = (
				4A29C959282BB9E700A1CAB3 /* Sources */,
				4A29C95A282BB9E700A1CAB3 /* Frameworks */,
				4A29C95B282BB9E700A1CAB3 /* CopyFiles */,
			);
			buildRules = (
			);
			dependencies = (
			);
			name = A17Project;
			productName = A17Project;
			productReference = 4A29C95D282BB9E700A1CAB3 /* A17Project */;
			productType = "com.apple.product-type.tool";
		};
/* End PBXNativeTarget section */

/* Begin PBXProject section */
		4A29C955282BB9E700A1CAB3 /* Project object */ = {
			isa = PBXProject;
			attributes = {
				BuildIndependentTargetsInParallel = 1;
				LastUpgradeCheck = 1330;
				TargetAttributes = {
					4A29C95C282BB9E700A1CAB3 = {
						CreatedOnToolsVersion = 13.3.1;
					};
				};
			};
			buildConfigurationList = 4A29C958282BB9E700A1CAB3 /* Build configuration list for PBXProject "A17Project" */;
			compatibilityVersion = "Xcode 13.0";
			developmentRegion = en;
			hasScannedForEncodings = 0;
			knownRegions = (
				en,
				Base,
			);
			mainGroup = 4A29C954282BB9E700A1CAB3;
			productRefGroup = 4A29C95E282BB9E700A1CAB3 /* Products */;
			projectDirPath = "";
			projectRoot = "";
			targets = (
				4A29C95C282BB9E700A1CAB3 /* A17Project */,
			);
		};
/* End PBXProject section */

/* Begin PBXSourcesBuildPhase section */
		4A29C959282BB9E700A1CAB3 /* Sources */ = {
			isa = PBXSourcesBuildPhase;
			buildActionMask = 2147483647;
			files = (
				4A29C972282BBAA300A1CAB3 /* Assignment17.cpp in Sources */,
			);
			runOnlyForDeploymentPostprocessing = 0;
		};
/* End PBXSourcesBuildPhase section */

/* Begin XCBuildConfiguration section */
		4A29C962282BB9E700A1CAB3 /* Debug */ = {
			isa = XCBuildConfiguration;
			buildSettings = {
				ALWAYS_SEARCH_USER_PATHS = NO;
				CLANG_ANALYZER_NONNULL = YES;
				CLANG_ANALYZER_NUMBER_OBJECT_CONVERSION = YES_AGGRESSIVE;
				CLANG_CXX_LANGUAGE_STANDARD = "gnu++17";
				CLANG_ENABLE_MODULES = YES;
				CLANG_ENABLE_OBJC_ARC = YES;
				CLANG_ENABLE_OBJC_WEAK = YES;
				CLANG_WARN_BLOCK_CAPTURE_AUTORELEASING = YES;
				CLANG_WARN_BOOL_CONVERSION = YES;
				CLANG_WARN_COMMA = YES;
				CLANG_WARN_CONSTANT_CONVERSION = YES;
				CLANG_WARN_DEPRECATED_OBJC_IMPLEMENTATIONS = YES;
				CLANG_WARN_DIRECT_OBJC_ISA_USAGE = YES_ERROR;
				CLANG_WARN_DOCUMENTATION_COMMENTS = YES;
				CLANG_WARN_EMPTY_BODY = YES;
				CLANG_WARN_ENUM_CONVERSION = YES;
				CLANG_WARN_INFINITE_RECURSION = YES;
				CLANG_WARN_INT_CONVERSION = YES;
				CLANG_WARN_NON_LITERAL_NULL_CONVERSION = YES;
				CLANG_WARN_OBJC_IMPLICIT_RETAIN_SELF = YES;
				CLANG_WARN_OBJC_LITERAL_CONVERSION = YES;
				CLANG_WARN_OBJC_ROOT_CLASS = YES_ERROR;
				CLANG_WARN_QUOTED_INCLUDE_IN_FRAMEWORK_HEADER = YES;
				CLANG_WARN_RANGE_LOOP_ANALYSIS = YES;
				CLANG_WARN_STRICT_PROTOTYPES = YES;
				CLANG_WARN_SUSPICIOUS_MOVE = YES;
				CLANG_WARN_UNGUARDED_AVAILABILITY = YES_AGGRESSIVE;
				CLANG_WARN_UNREACHABLE_CODE = YES;
				CLANG_WARN__DUPLICATE_METHOD_MATCH = YES;
				COPY_PHASE_STRIP = NO;
				DEBUG_INFORMATION_FORMAT = dwarf;
				ENABLE_STRICT_OBJC_MSGSEND = YES;
				ENABLE_TESTABILITY = YES;
				GCC_C_LANGUAGE_STANDARD = gnu11;
				GCC_DYNAMIC_NO_PIC = NO;
				GCC_NO_COMMON_BLOCKS = YES;
				GCC_OPTIMIZATION_LEVEL = 0;
				GCC_PREPROCESSOR_DEFINITIONS = (
					"DEBUG=1",
					"$(inherited)",
				);
				GCC_WARN_64_TO_32_BIT_CONVERSION = YES;
				GCC_WARN_ABOUT_RETURN_TYPE = YES_ERROR;
				GCC_WARN_UNDECLARED_SELECTOR = YES;
				GCC_WARN_UNINITIALIZED_AUTOS = YES_AGGRESSIVE;
				GCC_WARN_UNUSED_FUNCTION = YES;
				GCC_WARN_UNUSED_VARIABLE = YES;
				MACOSX_DEPLOYMENT_TARGET = 12.3;
				MTL_ENABLE_DEBUG_INFO = INCLUDE_SOURCE;
				MTL_FAST_MATH = YES;
				ONLY_ACTIVE_ARCH = YES;
				SDKROOT = macosx;
			};
			name = Debug;
		};
		4A29C963282BB9E700A1CAB3 /* Release */ = {
			isa = XCBuildConfiguration;
			buildSettings = {
				ALWAYS_SEARCH_USER_PATHS = NO;
				CLANG_ANALYZER_NONNULL = YES;
				CLANG_ANALYZER_NUMBER_OBJECT_CONVERSION = YES_AGGRESSIVE;
				CLANG_CXX_LANGUAGE_STANDARD = "gnu++17";
				CLANG_ENABLE_MODULES = YES;
				CLANG_ENABLE_OBJC_ARC = YES;
				CLANG_ENABLE_OBJC_WEAK = YES;
				CLANG_WARN_BLOCK_CAPTURE_AUTORELEASING = YES;
				CLANG_WARN_BOOL_CONVERSION = YES;
				CLANG_WARN_COMMA = YES;
				CLANG_WARN_CONSTANT_CONVERSION = YES;
				CLANG_WARN_DEPRECATED_OBJC_IMPLEMENTATIONS = YES;
				CLANG_WARN_DIRECT_OBJC_ISA_USAGE = YES_ERROR;
				CLANG_WARN_DOCUMENTATION_COMMENTS = YES;
				CLANG_WARN_EMPTY_BODY = YES;
				CLANG_WARN_ENUM_CONVERSION = YES;
				CLANG_WARN_INFINITE_RECURSION = YES;
				CLANG_WARN_INT_CONVERSION = YES;
				CLANG_WARN_NON_LITERAL_NULL_CONVERSION = YES;
				CLANG_WARN_OBJC_IMPLICIT_RETAIN_SELF = YES;
				CLANG_WARN_OBJC_LITERAL_CONVERSION = YES;
				CLANG_WARN_OBJC_ROOT_CLASS = YES_ERROR;
				CLANG_WARN_QUOTED_INCLUDE_IN_FRAMEWORK_HEADER = YES;
				CLANG_WARN_RANGE_LOOP_ANALYSIS = YES;
				CLANG_WARN_STRICT_PROTOTYPES = YES;
				CLANG_WARN_SUSPICIOUS_MOVE = YES;
				CLANG_WARN_UNGUARDED_AVAILABILITY = YES_AGGRESSIVE;
				CLANG_WARN_UNREACHABLE_CODE = YES;
				CLANG_WARN__DUPLICATE_METHOD_MATCH = YES;
				COPY_PHASE_STRIP = NO;
				DEBUG_INFORMATION_FORMAT = "dwarf-with-dsym";
				ENABLE_NS_ASSERTIONS = NO;
				ENABLE_STRICT_OBJC_MSGSEND = YES;
				GCC_C_LANGUAGE_STANDARD = gnu11;
				GCC_NO_COMMON_BLOCKS = YES;
				GCC_WARN_64_TO_32_BIT_CONVERSION = YES;
				GCC_WARN_ABOUT_RETURN_TYPE = YES_ERROR;
				GCC_WARN_UNDECLARED_SELECTOR = YES;
				GCC_WARN_UNINITIALIZED_AUTOS = YES_AGGRESSIVE;
				GCC_WARN_UNUSED_FUNCTION = YES;
				GCC_WARN_UNUSED_VARIABLE = YES;
				MACOSX_DEPLOYMENT_TARGET = 12.3;
				MTL_ENABLE_DEBUG_INFO = NO;
				MTL_FAST_MATH = YES;
				SDKROOT = macosx;
			};
			name = Release;
		};
		4A29C965282BB9E700A1CAB3 /* Debug */ = {
			isa = XCBuildConfiguration;
			buildSettings = {
				CODE_SIGN_STYLE = Automatic;
				HEADER_SEARCH_PATHS = (
					/Users/peppetort/VulkanSDK/1.3.204.0/macOS/include,
					/opt/homebrew/include,
					"/Users/peppetort/Desktop/Università/Computer\\ Graphics/Assignments/A17/headers",
				);
				LIBRARY_SEARCH_PATHS = (
					/opt/homebrew/lib,
					/Users/peppetort/VulkanSDK/1.3.204.0/macOS/lib,
				);
				PRODUCT_NAME = "$(TARGET_NAME)";
			};
			name = Debug;
		};
		4A29C966282BB9E700A1CAB3 /* Release */ = {
			isa = XCBuildConfiguration;
			buildSettings = {
				CODE_SIGN_STYLE = Automatic;
				HEADER_SEARCH_PATHS = (
					/Users/peppetort/VulkanSDK/1.3.204.0/macOS/include,
					/opt/homebrew/include,
					"/Users/peppetort/Desktop/Università/Computer\\ Graphics/Assignments/A17/headers",
				);
				LIBRARY_SEARCH_PATHS = (
					/opt/homebrew/lib,
					/Users/peppetort/VulkanSDK/1.3.204.0/macOS/lib,
				);
				PRODUCT_NAME = "$(TARGET_NAME)";
			};
			name = Release;
		};
/* End XCBuildConfiguration section */

/* Begin XCConfigurationList section */
		4A29C958282BB9E700A1CAB3 /* Build configuration list for PBXProject "A17Project" */ = {
			isa = XCConfigurationList;
			buildConfigurations = (
				4A29C962282BB9E700A1CAB3 /* Debug */,
				4A29C963282BB9E700A1CAB3 /* Release */,
			);
			defaultConfigurationIsVisible = 0;
			defaultConfigurationName = Release;
		};
		4A29C964282BB9E700A1CAB3 /* Build configuration list for PBXNativeTarget "A17Project" */ = {
			isa = XCConfigurationList;
			buildConfigurations = (
				4A29C965282BB9E700A1CAB3 /* Debug */,
				4A29C966282BB9E700A1CAB3 /* Release */,
			);
			defaultConfigurationIsVisible = 0;
			defaultConfigurationName = Release;
		};
/* End XCConfigurationList section */
	};
	rootObject = 4A29C955282BB9E700A1CAB3 /* Project object */;
}
